{
  "requires": true,
  "lockfileVersion": 1,
  "dependencies": {
    "bootstrap": {
      "version": "4.6.0",
      "resolved": "https://registry.npmjs.org/bootstrap/-/bootstrap-4.6.0.tgz",
      "integrity": "sha512-Io55IuQY3kydzHtbGvQya3H+KorS/M9rSNyfCGCg9WZ4pyT/lCxIlpJgG1GXW/PswzC84Tr2fBYi+7+jFVQQBw==",
      "dev": true
    },
    "jquerry": {
      "version": "0.0.1-security",
      "resolved": "https://registry.npmjs.org/jquerry/-/jquerry-0.0.1-security.tgz",
      "integrity": "sha512-6/x0OFGLte1tqTnInZ0foNjR/hCsNnfkNg7T1vxiCKSLObPbSF4EoswifsUdHiXBvQ/F60uILQGlfvjT0x3NSg=="
    },
    "popper.js": {
      "version": "1.16.1",
      "resolved": "https://registry.npmjs.org/popper.js/-/popper.js-1.16.1.tgz",
      "integrity": "sha512-Wb4p1J4zyFTbM+u6WuO4XstYx4Ky9Cewe4DWrel7B0w6VVICvPwdOpotjzcf6eD8TsckVnIMNONQyPIUFOUbCQ=="
    },
    "remixicon": {
      "version": "2.5.0",
      "resolved": "https://registry.npmjs.org/remixicon/-/remixicon-2.5.0.tgz",
      "integrity": "sha512-q54ra2QutYDZpuSnFjmeagmEiN9IMo56/zz5dDNitzKD23oFRw77cWo4TsrAdmdkPiEn8mxlrTqxnkujDbEGww=="
    }
  }
}
